
Microsoft Visual Studio Solution File, Format Version 12.00
# Visual Studio Version 16
VisualStudioVersion = 16.0.30523.141
MinimumVisualStudioVersion = 10.0.40219.1
Project("{FAE04EC0-301F-11D3-BF4B-00C04F79EFBC}") = "GUI", "Finans\GUI.csproj", "{BBB7EB37-AEAE-46FF-81D8-4524BA8CBCAD}"
EndProject
Project("{FAE04EC0-301F-11D3-BF4B-00C04F79EFBC}") = "DAL", "DAL\DAL.csproj", "{69236570-56FE-402C-BC9B-B04EFDFF664C}"
EndProject
Project("{FAE04EC0-301F-11D3-BF4B-00C04F79EFBC}") = "BLL", "BLL\BLL.csproj", "{A019BD33-CBEA-400B-9156-0906D0719BC0}"
EndProject
Project("{FAE04EC0-301F-11D3-BF4B-00C04F79EFBC}") = "Model", "Model\Model.csproj", "{5704389D-354A-4512-9C69-61CB04278AEA}"
EndProject
Global
	GlobalSection(SolutionConfigurationPlatforms) = preSolution
		Debug|Any CPU = Debug|Any CPU
		Release|Any CPU = Release|Any CPU
	EndGlobalSection
	GlobalSection(ProjectConfigurationPlatforms) = postSolution
		{BBB7EB37-AEAE-46FF-81D8-4524BA8CBCAD}.Debug|Any CPU.ActiveCfg = Debug|Any CPU
		{BBB7EB37-AEAE-46FF-81D8-4524BA8CBCAD}.Debug|Any CPU.Build.0 = Debug|Any CPU
		{BBB7EB37-AEAE-46FF-81D8-4524BA8CBCAD}.Release|Any CPU.ActiveCfg = Release|Any CPU
		{BBB7EB37-AEAE-46FF-81D8-4524BA8CBCAD}.Release|Any CPU.Build.0 = Release|Any CPU
		{69236570-56FE-402C-BC9B-B04EFDFF664C}.Debug|Any CPU.ActiveCfg = Debug|Any CPU
		{69236570-56FE-402C-BC9B-B04EFDFF664C}.Debug|Any CPU.Build.0 = Debug|Any CPU
		{69236570-56FE-402C-BC9B-B04EFDFF664C}.Release|Any CPU.ActiveCfg = Release|Any CPU
		{69236570-56FE-402C-BC9B-B04EFDFF664C}.Release|Any CPU.Build.0 = Release|Any CPU
		{A019BD33-CBEA-400B-9156-0906D0719BC0}.Debug|Any CPU.ActiveCfg = Debug|Any CPU
		{A019BD33-CBEA-400B-9156-0906D0719BC0}.Debug|Any CPU.Build.0 = Debug|Any CPU
		{A019BD33-CBEA-400B-9156-0906D0719BC0}.Release|Any CPU.ActiveCfg = Release|Any CPU
		{A019BD33-CBEA-400B-9156-0906D0719BC0}.Release|Any CPU.Build.0 = Release|Any CPU
		{5704389D-354A-4512-9C69-61CB04278AEA}.Debug|Any CPU.ActiveCfg = Debug|Any CPU
		{5704389D-354A-4512-9C69-61CB04278AEA}.Debug|Any CPU.Build.0 = Debug|Any CPU
		{5704389D-354A-4512-9C69-61CB04278AEA}.Release|Any CPU.ActiveCfg = Release|Any CPU
		{5704389D-354A-4512-9C69-61CB04278AEA}.Release|Any CPU.Build.0 = Release|Any CPU
	EndGlobalSection
	GlobalSection(SolutionProperties) = preSolution
		HideSolutionNode = FALSE
	EndGlobalSection
	GlobalSection(ExtensibilityGlobals) = postSolution
		SolutionGuid = {DC32653A-9904-49BF-A3D6-8469ADBD7C51}
	EndGlobalSection
EndGlobal
